
Microsoft Visual Studio Solution File, Format Version 12.00
# Visual Studio Version 17
VisualStudioVersion = 17.5.33516.290
MinimumVisualStudioVersion = 10.0.40219.1
Project("{9A19103F-16F7-4668-BE54-9A1E7A4F7556}") = "DDD.Web", "Sesc.Cultura.Web\DDD.Web.csproj", "{AD173CAA-562D-4996-88E2-6AD32B735C54}"
EndProject
Project("{2150E333-8FDC-42A3-9474-1A3956D46DE8}") = "Src", "Src", "{BAC27B91-4661-48C2-A209-51B48C3EFCC8}"
EndProject
Project("{2150E333-8FDC-42A3-9474-1A3956D46DE8}") = "1 - Presentation", "1 - Presentation", "{AC6B165A-68F4-4591-811D-249E858191DA}"
EndProject
Project("{2150E333-8FDC-42A3-9474-1A3956D46DE8}") = "2 - Services", "2 - Services", "{D19530A5-0015-478F-BDB3-CFC46895362C}"
EndProject
Project("{2150E333-8FDC-42A3-9474-1A3956D46DE8}") = "3 - Application", "3 - Application", "{D708AD9A-B1A9-4E31-8A4E-7172433905A2}"
EndProject
Project("{2150E333-8FDC-42A3-9474-1A3956D46DE8}") = "4 - Domain", "4 - Domain", "{205E745E-2F16-48B0-9DEE-DCCFDC27FB0C}"
EndProject
Project("{2150E333-8FDC-42A3-9474-1A3956D46DE8}") = "5 - Infra", "5 - Infra", "{05D78B9D-11CE-4FB4-AAAC-71354E671B55}"
EndProject
Project("{2150E333-8FDC-42A3-9474-1A3956D46DE8}") = "5.1 - Data", "5.1 - Data", "{A7CFE44E-BAD2-4B06-83F9-9DAD4999C0EC}"
EndProject
Project("{2150E333-8FDC-42A3-9474-1A3956D46DE8}") = "5.2 - CrossCutting", "5.2 - CrossCutting", "{99EE5684-81BB-46B4-A62C-74AB87A42D20}"
EndProject
Project("{9A19103F-16F7-4668-BE54-9A1E7A4F7556}") = "DDD.Application", "Sesc.Cultura.Application\DDD.Application.csproj", "{75067892-011A-45D6-A4DF-7A79DCA0547A}"
EndProject
Project("{9A19103F-16F7-4668-BE54-9A1E7A4F7556}") = "DDD.Core", "Sesc.Cultura.Domain.Core\DDD.Core.csproj", "{18133BF4-D37E-4FD6-8A98-6018A561AEE9}"
EndProject
Project("{9A19103F-16F7-4668-BE54-9A1E7A4F7556}") = "DDD.Domain", "Sesc.Cultura.Domain\DDD.Domain.csproj", "{F2511ABD-7D50-4888-844D-6C0B24885617}"
EndProject
Project("{9A19103F-16F7-4668-BE54-9A1E7A4F7556}") = "DDD.Infra.Data", "Sesc.Cultura.Data\DDD.Infra.Data.csproj", "{094F014A-A91F-4919-9E24-D9D8695B97C0}"
EndProject
Project("{9A19103F-16F7-4668-BE54-9A1E7A4F7556}") = "DDD.Infra.CrossCutting.Bus", "Sesc.Cultura.Infra.CrossCutting.Bus\DDD.Infra.CrossCutting.Bus.csproj", "{61302FE7-FC05-4715-B310-79D915005F4C}"
EndProject
Project("{9A19103F-16F7-4668-BE54-9A1E7A4F7556}") = "DDD.Infra.CrossCutting.Identity", "Sesc.Cultura.Infra.CrossCutting.Identity\DDD.Infra.CrossCutting.Identity.csproj", "{2D0431A5-37CB-463F-BD96-831E55C92A1C}"
EndProject
Project("{9A19103F-16F7-4668-BE54-9A1E7A4F7556}") = "DDD.Infra.CrossCutting.IoC", "Sesc.Cultura.Infra.CrossCutting.IoC\DDD.Infra.CrossCutting.IoC.csproj", "{1F6050A9-D365-4467-BBB6-74E95D9B2D5D}"
EndProject
Global
	GlobalSection(SolutionConfigurationPlatforms) = preSolution
		Debug|Any CPU = Debug|Any CPU
		Release|Any CPU = Release|Any CPU
	EndGlobalSection
	GlobalSection(ProjectConfigurationPlatforms) = postSolution
		{AD173CAA-562D-4996-88E2-6AD32B735C54}.Debug|Any CPU.ActiveCfg = Debug|Any CPU
		{AD173CAA-562D-4996-88E2-6AD32B735C54}.Debug|Any CPU.Build.0 = Debug|Any CPU
		{AD173CAA-562D-4996-88E2-6AD32B735C54}.Release|Any CPU.ActiveCfg = Release|Any CPU
		{AD173CAA-562D-4996-88E2-6AD32B735C54}.Release|Any CPU.Build.0 = Release|Any CPU
		{75067892-011A-45D6-A4DF-7A79DCA0547A}.Debug|Any CPU.ActiveCfg = Debug|Any CPU
		{75067892-011A-45D6-A4DF-7A79DCA0547A}.Debug|Any CPU.Build.0 = Debug|Any CPU
		{75067892-011A-45D6-A4DF-7A79DCA0547A}.Release|Any CPU.ActiveCfg = Release|Any CPU
		{75067892-011A-45D6-A4DF-7A79DCA0547A}.Release|Any CPU.Build.0 = Release|Any CPU
		{18133BF4-D37E-4FD6-8A98-6018A561AEE9}.Debug|Any CPU.ActiveCfg = Debug|Any CPU
		{18133BF4-D37E-4FD6-8A98-6018A561AEE9}.Debug|Any CPU.Build.0 = Debug|Any CPU
		{18133BF4-D37E-4FD6-8A98-6018A561AEE9}.Release|Any CPU.ActiveCfg = Release|Any CPU
		{18133BF4-D37E-4FD6-8A98-6018A561AEE9}.Release|Any CPU.Build.0 = Release|Any CPU
		{F2511ABD-7D50-4888-844D-6C0B24885617}.Debug|Any CPU.ActiveCfg = Debug|Any CPU
		{F2511ABD-7D50-4888-844D-6C0B24885617}.Debug|Any CPU.Build.0 = Debug|Any CPU
		{F2511ABD-7D50-4888-844D-6C0B24885617}.Release|Any CPU.ActiveCfg = Release|Any CPU
		{F2511ABD-7D50-4888-844D-6C0B24885617}.Release|Any CPU.Build.0 = Release|Any CPU
		{094F014A-A91F-4919-9E24-D9D8695B97C0}.Debug|Any CPU.ActiveCfg = Debug|Any CPU
		{094F014A-A91F-4919-9E24-D9D8695B97C0}.Debug|Any CPU.Build.0 = Debug|Any CPU
		{094F014A-A91F-4919-9E24-D9D8695B97C0}.Release|Any CPU.ActiveCfg = Release|Any CPU
		{094F014A-A91F-4919-9E24-D9D8695B97C0}.Release|Any CPU.Build.0 = Release|Any CPU
		{61302FE7-FC05-4715-B310-79D915005F4C}.Debug|Any CPU.ActiveCfg = Debug|Any CPU
		{61302FE7-FC05-4715-B310-79D915005F4C}.Debug|Any CPU.Build.0 = Debug|Any CPU
		{61302FE7-FC05-4715-B310-79D915005F4C}.Release|Any CPU.ActiveCfg = Release|Any CPU
		{61302FE7-FC05-4715-B310-79D915005F4C}.Release|Any CPU.Build.0 = Release|Any CPU
		{2D0431A5-37CB-463F-BD96-831E55C92A1C}.Debug|Any CPU.ActiveCfg = Debug|Any CPU
		{2D0431A5-37CB-463F-BD96-831E55C92A1C}.Debug|Any CPU.Build.0 = Debug|Any CPU
		{2D0431A5-37CB-463F-BD96-831E55C92A1C}.Release|Any CPU.ActiveCfg = Release|Any CPU
		{2D0431A5-37CB-463F-BD96-831E55C92A1C}.Release|Any CPU.Build.0 = Release|Any CPU
		{1F6050A9-D365-4467-BBB6-74E95D9B2D5D}.Debug|Any CPU.ActiveCfg = Debug|Any CPU
		{1F6050A9-D365-4467-BBB6-74E95D9B2D5D}.Debug|Any CPU.Build.0 = Debug|Any CPU
		{1F6050A9-D365-4467-BBB6-74E95D9B2D5D}.Release|Any CPU.ActiveCfg = Release|Any CPU
		{1F6050A9-D365-4467-BBB6-74E95D9B2D5D}.Release|Any CPU.Build.0 = Release|Any CPU
	EndGlobalSection
	GlobalSection(SolutionProperties) = preSolution
		HideSolutionNode = FALSE
	EndGlobalSection
	GlobalSection(NestedProjects) = preSolution
		{AD173CAA-562D-4996-88E2-6AD32B735C54} = {AC6B165A-68F4-4591-811D-249E858191DA}
		{AC6B165A-68F4-4591-811D-249E858191DA} = {BAC27B91-4661-48C2-A209-51B48C3EFCC8}
		{D19530A5-0015-478F-BDB3-CFC46895362C} = {BAC27B91-4661-48C2-A209-51B48C3EFCC8}
		{D708AD9A-B1A9-4E31-8A4E-7172433905A2} = {BAC27B91-4661-48C2-A209-51B48C3EFCC8}
		{205E745E-2F16-48B0-9DEE-DCCFDC27FB0C} = {BAC27B91-4661-48C2-A209-51B48C3EFCC8}
		{05D78B9D-11CE-4FB4-AAAC-71354E671B55} = {BAC27B91-4661-48C2-A209-51B48C3EFCC8}
		{A7CFE44E-BAD2-4B06-83F9-9DAD4999C0EC} = {05D78B9D-11CE-4FB4-AAAC-71354E671B55}
		{99EE5684-81BB-46B4-A62C-74AB87A42D20} = {05D78B9D-11CE-4FB4-AAAC-71354E671B55}
		{75067892-011A-45D6-A4DF-7A79DCA0547A} = {D708AD9A-B1A9-4E31-8A4E-7172433905A2}
		{18133BF4-D37E-4FD6-8A98-6018A561AEE9} = {205E745E-2F16-48B0-9DEE-DCCFDC27FB0C}
		{F2511ABD-7D50-4888-844D-6C0B24885617} = {205E745E-2F16-48B0-9DEE-DCCFDC27FB0C}
		{094F014A-A91F-4919-9E24-D9D8695B97C0} = {A7CFE44E-BAD2-4B06-83F9-9DAD4999C0EC}
		{61302FE7-FC05-4715-B310-79D915005F4C} = {99EE5684-81BB-46B4-A62C-74AB87A42D20}
		{2D0431A5-37CB-463F-BD96-831E55C92A1C} = {99EE5684-81BB-46B4-A62C-74AB87A42D20}
		{1F6050A9-D365-4467-BBB6-74E95D9B2D5D} = {99EE5684-81BB-46B4-A62C-74AB87A42D20}
	EndGlobalSection
	GlobalSection(ExtensibilityGlobals) = postSolution
		SolutionGuid = {A8141A56-E237-4944-913D-EC33E3FA5B76}
	EndGlobalSection
EndGlobal
